# THIS IS AN AUTOGENERATED FILE. DO NOT EDIT THIS FILE DIRECTLY.
# yarn lockfile v1


"@gouvfr/dsfr@^1.0.0-rc1.0":
  version "1.1.0"
  resolved "https://registry.yarnpkg.com/@gouvfr/dsfr/-/dsfr-1.1.0.tgz#747969f179152721de9b6fe7f084374bb396fb00"
  integrity sha512-9sEgX046t3t9iA/CiNegBO3i65iZgXnJz9wgsc9mv1/hiuGYdlfiED4gQ+3zU/bQ5E2BB2CBTCCrnXtmGrMMNg==

remixicon@^2.5.0:
  version "2.5.0"
  resolved "https://registry.yarnpkg.com/remixicon/-/remixicon-2.5.0.tgz#b5e245894a1550aa23793f95daceadbf96ad1a41"
  integrity sha512-q54ra2QutYDZpuSnFjmeagmEiN9IMo56/zz5dDNitzKD23oFRw77cWo4TsrAdmdkPiEn8mxlrTqxnkujDbEGww==
